
Microsoft Visual Studio Solution File, Format Version 12.00
# Visual Studio Version 16
VisualStudioVersion = 16.0.31105.61
MinimumVisualStudioVersion = 10.0.40219.1
Project("{9A19103F-16F7-4668-BE54-9A1E7A4F7556}") = "DummyDataGenerators", "DummyDataGenerators.csproj", "{6EF00ABD-F87C-4B6B-A8EB-5FED06CB9396}"
EndProject
Project("{9A19103F-16F7-4668-BE54-9A1E7A4F7556}") = "DummyDataGenerators.DTO", "..\DummyDataGenerators.DTO\DummyDataGenerators.DTO.csproj", "{563AA682-C251-4343-89C9-B200FB5196EE}"
EndProject
Project("{9A19103F-16F7-4668-BE54-9A1E7A4F7556}") = "DummyDataGenerators.API", "..\DummyDataGenerators.API\DummyDataGenerators.API.csproj", "{63874776-A109-40BB-B507-024DEBE9956E}"
EndProject
Project("{FAE04EC0-301F-11D3-BF4B-00C04F79EFBC}") = "DummeDataGenerators.WebInterface", "..\DummeDataGenerators.WebInterface\DummeDataGenerators.WebInterface.csproj", "{D65B4064-85C8-4F34-A2E0-FDE9089BC382}"
EndProject
Global
	GlobalSection(SolutionConfigurationPlatforms) = preSolution
		Debug|Any CPU = Debug|Any CPU
		Release|Any CPU = Release|Any CPU
	EndGlobalSection
	GlobalSection(ProjectConfigurationPlatforms) = postSolution
		{6EF00ABD-F87C-4B6B-A8EB-5FED06CB9396}.Debug|Any CPU.ActiveCfg = Debug|Any CPU
		{6EF00ABD-F87C-4B6B-A8EB-5FED06CB9396}.Debug|Any CPU.Build.0 = Debug|Any CPU
		{6EF00ABD-F87C-4B6B-A8EB-5FED06CB9396}.Release|Any CPU.ActiveCfg = Release|Any CPU
		{6EF00ABD-F87C-4B6B-A8EB-5FED06CB9396}.Release|Any CPU.Build.0 = Release|Any CPU
		{563AA682-C251-4343-89C9-B200FB5196EE}.Debug|Any CPU.ActiveCfg = Debug|Any CPU
		{563AA682-C251-4343-89C9-B200FB5196EE}.Debug|Any CPU.Build.0 = Debug|Any CPU
		{563AA682-C251-4343-89C9-B200FB5196EE}.Release|Any CPU.ActiveCfg = Release|Any CPU
		{563AA682-C251-4343-89C9-B200FB5196EE}.Release|Any CPU.Build.0 = Release|Any CPU
		{63874776-A109-40BB-B507-024DEBE9956E}.Debug|Any CPU.ActiveCfg = Debug|Any CPU
		{63874776-A109-40BB-B507-024DEBE9956E}.Debug|Any CPU.Build.0 = Debug|Any CPU
		{63874776-A109-40BB-B507-024DEBE9956E}.Release|Any CPU.ActiveCfg = Release|Any CPU
		{63874776-A109-40BB-B507-024DEBE9956E}.Release|Any CPU.Build.0 = Release|Any CPU
		{D65B4064-85C8-4F34-A2E0-FDE9089BC382}.Debug|Any CPU.ActiveCfg = Debug|Any CPU
		{D65B4064-85C8-4F34-A2E0-FDE9089BC382}.Debug|Any CPU.Build.0 = Debug|Any CPU
		{D65B4064-85C8-4F34-A2E0-FDE9089BC382}.Release|Any CPU.ActiveCfg = Release|Any CPU
		{D65B4064-85C8-4F34-A2E0-FDE9089BC382}.Release|Any CPU.Build.0 = Release|Any CPU
	EndGlobalSection
	GlobalSection(SolutionProperties) = preSolution
		HideSolutionNode = FALSE
	EndGlobalSection
	GlobalSection(ExtensibilityGlobals) = postSolution
		SolutionGuid = {B0246DE6-D02C-4E1E-BE76-CFA1A7D5E17E}
	EndGlobalSection
EndGlobal
